{
  "name": "blackjack-analyzer",
  "version": "1.0.0",
  "lockfileVersion": 3,
  "requires": true,
  "packages": {
    "": {
      "name": "blackjack-analyzer",
      "version": "1.0.0",
      "license": "ISC",
      "dependencies": {
        "ramda": "^0.30.0",
        "ts-pattern": "^5.1.2"
      },
      "devDependencies": {
        "@types/node": "^20.13.0",
        "@types/ramda": "^0.30.0",
        "prettier": "^3.2.5",
        "tslib": "^2.6.2",
        "typescript": "^5.4.5"
      }
    },
    "node_modules/@types/node": {
      "version": "20.13.0",
      "resolved": "https://registry.npmjs.org/@types/node/-/node-20.13.0.tgz",
      "integrity": "sha512-FM6AOb3khNkNIXPnHFDYaHerSv8uN22C91z098AnGccVu+Pcdhi+pNUFDi0iLmPIsVE0JBD0KVS7mzUYt4nRzQ==",
      "dev": true,
      "dependencies": {
        "undici-types": "~5.26.4"
      }
    },
    "node_modules/@types/ramda": {
      "version": "0.30.0",
      "resolved": "https://registry.npmjs.org/@types/ramda/-/ramda-0.30.0.tgz",
      "integrity": "sha512-DQtfqUbSB18iM9NHbQ++kVUDuBWHMr6T2FpW1XTiksYRGjq4WnNPZLt712OEHEBJs7aMyJ68Mf2kGMOP1srVVw==",
      "dev": true,
      "dependencies": {
        "types-ramda": "^0.30.0"
      }
    },
    "node_modules/prettier": {
      "version": "3.2.5",
      "resolved": "https://registry.npmjs.org/prettier/-/prettier-3.2.5.tgz",
      "integrity": "sha512-3/GWa9aOC0YeD7LUfvOG2NiDyhOWRvt1k+rcKhOuYnMY24iiCphgneUfJDyFXd6rZCAnuLBv6UeAULtrhT/F4A==",
      "dev": true,
      "bin": {
        "prettier": "bin/prettier.cjs"
      },
      "engines": {
        "node": ">=14"
      },
      "funding": {
        "url": "https://github.com/prettier/prettier?sponsor=1"
      }
    },
    "node_modules/ramda": {
      "version": "0.30.0",
      "resolved": "https://registry.npmjs.org/ramda/-/ramda-0.30.0.tgz",
      "integrity": "sha512-13Y0iMhIQuAm/wNGBL/9HEqIfRGmNmjKnTPlKWfA9f7dnDkr8d45wQ+S7+ZLh/Pq9PdcGxkqKUEA7ySu1QSd9Q==",
      "funding": {
        "type": "opencollective",
        "url": "https://opencollective.com/ramda"
      }
    },
    "node_modules/ts-pattern": {
      "version": "5.1.2",
      "resolved": "https://registry.npmjs.org/ts-pattern/-/ts-pattern-5.1.2.tgz",
      "integrity": "sha512-u+ElKUIWnqisjpRBhv6Y89yNq7Pmz6xL0v7pTSckrVZ0+5Vf32oh/3jmxWl80rAOGcnbBa7fCyeqNdP4yXzWWg=="
    },
    "node_modules/ts-toolbelt": {
      "version": "9.6.0",
      "resolved": "https://registry.npmjs.org/ts-toolbelt/-/ts-toolbelt-9.6.0.tgz",
      "integrity": "sha512-nsZd8ZeNUzukXPlJmTBwUAuABDe/9qtVDelJeT/qW0ow3ZS3BsQJtNkan1802aM9Uf68/Y8ljw86Hu0h5IUW3w==",
      "dev": true
    },
    "node_modules/tslib": {
      "version": "2.6.2",
      "resolved": "https://registry.npmjs.org/tslib/-/tslib-2.6.2.tgz",
      "integrity": "sha512-AEYxH93jGFPn/a2iVAwW87VuUIkR1FVUKB77NwMF7nBTDkDrrT/Hpt/IrCJ0QXhW27jTBDcf5ZY7w6RiqTMw2Q==",
      "dev": true
    },
    "node_modules/types-ramda": {
      "version": "0.30.0",
      "resolved": "https://registry.npmjs.org/types-ramda/-/types-ramda-0.30.0.tgz",
      "integrity": "sha512-oVPw/KHB5M0Du0txTEKKM8xZOG9cZBRdCVXvwHYuNJUVkAiJ9oWyqkA+9Bj2gjMsHgkkhsYevobQBWs8I2/Xvw==",
      "dev": true,
      "dependencies": {
        "ts-toolbelt": "^9.6.0"
      }
    },
    "node_modules/typescript": {
      "version": "5.4.5",
      "resolved": "https://registry.npmjs.org/typescript/-/typescript-5.4.5.tgz",
      "integrity": "sha512-vcI4UpRgg81oIRUFwR0WSIHKt11nJ7SAVlYNIu+QpqeyXP+gpQJy/Z4+F0aGxSE4MqwjyXvW/TzgkLAx2AGHwQ==",
      "dev": true,
      "bin": {
        "tsc": "bin/tsc",
        "tsserver": "bin/tsserver"
      },
      "engines": {
        "node": ">=14.17"
      }
    },
    "node_modules/undici-types": {
      "version": "5.26.5",
      "resolved": "https://registry.npmjs.org/undici-types/-/undici-types-5.26.5.tgz",
      "integrity": "sha512-JlCMO+ehdEIKqlFxk6IfVoAUVmgz7cU7zD/h9XZ0qzeosSHmUJVOzSQvvYSYWXkFXC+IfLKSIffhv0sVZup6pA==",
      "dev": true
    }
  }
}
